
Microsoft Visual Studio Solution File, Format Version 12.00
# Visual Studio 15
VisualStudioVersion = 15.0.26124.0
MinimumVisualStudioVersion = 15.0.26124.0
Project("{2150E333-8FDC-42A3-9474-1A3956D46DE8}") = "basic", "basic", "{B9393773-D274-4F97-8240-40C12CBEBCBA}"
EndProject
Project("{FAE04EC0-301F-11D3-BF4B-00C04F79EFBC}") = "basiccommandline.test", "basic\basiccommandline.test\basiccommandline.test.csproj", "{84473FD6-D78E-4836-9080-76E386B057D9}"
EndProject
Project("{FAE04EC0-301F-11D3-BF4B-00C04F79EFBC}") = "basiccommandline", "basic\basiccommandline\basiccommandline.csproj", "{F7C970E8-9876-422D-AF5C-CF07989DB9BF}"
EndProject
Global
	GlobalSection(SolutionConfigurationPlatforms) = preSolution
		Debug|Any CPU = Debug|Any CPU
		Debug|x64 = Debug|x64
		Debug|x86 = Debug|x86
		Release|Any CPU = Release|Any CPU
		Release|x64 = Release|x64
		Release|x86 = Release|x86
	EndGlobalSection
	GlobalSection(SolutionProperties) = preSolution
		HideSolutionNode = FALSE
	EndGlobalSection
	GlobalSection(ProjectConfigurationPlatforms) = postSolution
		{84473FD6-D78E-4836-9080-76E386B057D9}.Debug|Any CPU.ActiveCfg = Debug|Any CPU
		{84473FD6-D78E-4836-9080-76E386B057D9}.Debug|Any CPU.Build.0 = Debug|Any CPU
		{84473FD6-D78E-4836-9080-76E386B057D9}.Debug|x64.ActiveCfg = Debug|Any CPU
		{84473FD6-D78E-4836-9080-76E386B057D9}.Debug|x64.Build.0 = Debug|Any CPU
		{84473FD6-D78E-4836-9080-76E386B057D9}.Debug|x86.ActiveCfg = Debug|Any CPU
		{84473FD6-D78E-4836-9080-76E386B057D9}.Debug|x86.Build.0 = Debug|Any CPU
		{84473FD6-D78E-4836-9080-76E386B057D9}.Release|Any CPU.ActiveCfg = Release|Any CPU
		{84473FD6-D78E-4836-9080-76E386B057D9}.Release|Any CPU.Build.0 = Release|Any CPU
		{84473FD6-D78E-4836-9080-76E386B057D9}.Release|x64.ActiveCfg = Release|Any CPU
		{84473FD6-D78E-4836-9080-76E386B057D9}.Release|x64.Build.0 = Release|Any CPU
		{84473FD6-D78E-4836-9080-76E386B057D9}.Release|x86.ActiveCfg = Release|Any CPU
		{84473FD6-D78E-4836-9080-76E386B057D9}.Release|x86.Build.0 = Release|Any CPU
		{F7C970E8-9876-422D-AF5C-CF07989DB9BF}.Debug|Any CPU.ActiveCfg = Debug|Any CPU
		{F7C970E8-9876-422D-AF5C-CF07989DB9BF}.Debug|Any CPU.Build.0 = Debug|Any CPU
		{F7C970E8-9876-422D-AF5C-CF07989DB9BF}.Debug|x64.ActiveCfg = Debug|Any CPU
		{F7C970E8-9876-422D-AF5C-CF07989DB9BF}.Debug|x64.Build.0 = Debug|Any CPU
		{F7C970E8-9876-422D-AF5C-CF07989DB9BF}.Debug|x86.ActiveCfg = Debug|Any CPU
		{F7C970E8-9876-422D-AF5C-CF07989DB9BF}.Debug|x86.Build.0 = Debug|Any CPU
		{F7C970E8-9876-422D-AF5C-CF07989DB9BF}.Release|Any CPU.ActiveCfg = Release|Any CPU
		{F7C970E8-9876-422D-AF5C-CF07989DB9BF}.Release|Any CPU.Build.0 = Release|Any CPU
		{F7C970E8-9876-422D-AF5C-CF07989DB9BF}.Release|x64.ActiveCfg = Release|Any CPU
		{F7C970E8-9876-422D-AF5C-CF07989DB9BF}.Release|x64.Build.0 = Release|Any CPU
		{F7C970E8-9876-422D-AF5C-CF07989DB9BF}.Release|x86.ActiveCfg = Release|Any CPU
		{F7C970E8-9876-422D-AF5C-CF07989DB9BF}.Release|x86.Build.0 = Release|Any CPU
	EndGlobalSection
	GlobalSection(NestedProjects) = preSolution
		{84473FD6-D78E-4836-9080-76E386B057D9} = {B9393773-D274-4F97-8240-40C12CBEBCBA}
		{F7C970E8-9876-422D-AF5C-CF07989DB9BF} = {B9393773-D274-4F97-8240-40C12CBEBCBA}
	EndGlobalSection
EndGlobal
